// !$*UTF8*$!
{
	archiveVersion = 1;
	classes = {
	};
	objectVersion = 46;
	objects = {

/* Begin PBXGroup section */
		35C066861AB9EB1B00DDFA60 = {
			isa = PBXGroup;
			children = (
			);
			sourceTree = "<group>";
		};
/* End PBXGroup section */

/* Begin PBXProject section */
		35C066871AB9EB1B00DDFA60 /* Project object */ = {
			isa = PBXProject;
			attributes = {
				LastUpgradeCheck = 0610;
			};
			buildConfigurationList = 35C0668A1AB9EB1B00DDFA60 /* Build configuration list for PBXProject "Python Scrips" */;
			compatibilityVersion = "Xcode 3.2";
			developmentRegion = English;
			hasScannedForEncodings = 0;
			knownRegions = (
				en,
			);
			mainGroup = 35C066861AB9EB1B00DDFA60;
			projectDirPath = "";
			projectRoot = "";
			targets = (
			);
		};
/* End PBXProject section */

/* Begin XCBuildConfiguration section */
		35C0668B1AB9EB1B00DDFA60 /* Debug */ = {
			isa = XCBuildConfiguration;
			buildSettings = {
			};
			name = Debug;
		};
		35C0668C1AB9EB1B00DDFA60 /* Release */ = {
			isa = XCBuildConfiguration;
			buildSettings = {
			};
			name = Release;
		};
/* End XCBuildConfiguration section */

/* Begin XCConfigurationList section */
		35C0668A1AB9EB1B00DDFA60 /* Build configuration list for PBXProject "Python Scrips" */ = {
			isa = XCConfigurationList;
			buildConfigurations = (
				35C0668B1AB9EB1B00DDFA60 /* Debug */,
				35C0668C1AB9EB1B00DDFA60 /* Release */,
			);
			defaultConfigurationIsVisible = 0;
			defaultConfigurationName = Release;
		};
/* End XCConfigurationList section */
	};
	rootObject = 35C066871AB9EB1B00DDFA60 /* Project object */;
}
